{
    "_readme": [
        "This file locks the dependencies of your project to a known state",
        "Read more about it at https://getcomposer.org/doc/01-basic-usage.md#installing-dependencies",
        "This file is @generated automatically"
    ],
    "content-hash": "14922685a51e88b21b3b956b977106d3",
    "packages": [
        {
            "name": "appwrite/php-clamav",
            "version": "2.0.0",
            "source": {
                "type": "git",
                "url": "https://github.com/appwrite/php-clamav.git",
                "reference": "f3897169f5c1f365312238a516ae9465f804634f"
            },
            "dist": {
                "type": "zip",
                "url": "https://api.github.com/repos/appwrite/php-clamav/zipball/f3897169f5c1f365312238a516ae9465f804634f",
                "reference": "f3897169f5c1f365312238a516ae9465f804634f",
                "shasum": ""
            },
            "require": {
                "ext-sockets": "*",
                "php": ">=8.0"
            },
            "require-dev": {
                "phpunit/phpunit": "^9"
            },
            "type": "library",
            "autoload": {
                "psr-4": {
                    "Appwrite\\ClamAV\\": "src/ClamAV"
                }
            },
            "notification-url": "https://packagist.org/downloads/",
            "license": [
                "MIT"
            ],
            "authors": [
                {
                    "name": "Eldad Fux",
                    "email": "eldad@appwrite.io"
                }
            ],
            "description": "ClamAV network and pipe client for PHP",
            "keywords": [
                "anti virus",
                "appwrite",
                "clamav",
                "php"
            ],
            "support": {
                "issues": "https://github.com/appwrite/php-clamav/issues",
                "source": "https://github.com/appwrite/php-clamav/tree/2.0.0"
            },
            "time": "2023-02-24T09:50:42+00:00"
        }
    ],
    "packages-dev": [],
    "aliases": [],
    "minimum-stability": "stable",
    "stability-flags": [],
    "prefer-stable": false,
    "prefer-lowest": false,
    "platform": [],
    "platform-dev": [],
    "plugin-api-version": "2.3.0"
}
